// !$*UTF8*$!
{
	archiveVersion = 1;
	classes = {
	};
	objectVersion = 51;
	objects = {

/* Begin PBXBuildFile section */
		74ACAE2526B450BB00BB0478 /* AppDelegate.swift in Sources */ = {isa = PBXBuildFile; fileRef = 74ACAE2426B450BB00BB0478 /* AppDelegate.swift */; };
		74ACAE2726B450BB00BB0478 /* SceneDelegate.swift in Sources */ = {isa = PBXBuildFile; fileRef = 74ACAE2626B450BB00BB0478 /* SceneDelegate.swift */; };
		74ACAE2926B450BB00BB0478 /* LoginViewController.swift in Sources */ = {isa = PBXBuildFile; fileRef = 74ACAE2826B450BB00BB0478 /* LoginViewController.swift */; };
		74ACAE2C26B450BB00BB0478 /* Main.storyboard in Resources */ = {isa = PBXBuildFile; fileRef = 74ACAE2A26B450BB00BB0478 /* Main.storyboard */; };
		74ACAE2E26B450BF00BB0478 /* Assets.xcassets in Resources */ = {isa = PBXBuildFile; fileRef = 74ACAE2D26B450BF00BB0478 /* Assets.xcassets */; };
		74ACAE3126B450BF00BB0478 /* LaunchScreen.storyboard in Resources */ = {isa = PBXBuildFile; fileRef = 74ACAE2F26B450BF00BB0478 /* LaunchScreen.storyboard */; };
		74ACAE3926B459B300BB0478 /* TasksViewController.swift in Sources */ = {isa = PBXBuildFile; fileRef = 74ACAE3826B459B300BB0478 /* TasksViewController.swift */; };
		74ACAE3D26B463BA00BB0478 /* GoogleService-Info.plist in Resources */ = {isa = PBXBuildFile; fileRef = 74ACAE3C26B463B900BB0478 /* GoogleService-Info.plist */; };
		74CEF94E26B6D92B00AB46D0 /* Task.swift in Sources */ = {isa = PBXBuildFile; fileRef = 74CEF94D26B6D92B00AB46D0 /* Task.swift */; };
		74CEF95026B6D93B00AB46D0 /* Person.swift in Sources */ = {isa = PBXBuildFile; fileRef = 74CEF94F26B6D93B00AB46D0 /* Person.swift */; };
		DF15553A4321122646539666 /* Pods_ToDoListFireBase.framework in Frameworks */ = {isa = PBXBuildFile; fileRef = A5DCC63B9F5BF4B76132B1DA /* Pods_ToDoListFireBase.framework */; };
/* End PBXBuildFile section */

/* Begin PBXFileReference section */
		15671A22226494B6EE265D03 /* Pods-ToDoListFireBase.release.xcconfig */ = {isa = PBXFileReference; includeInIndex = 1; lastKnownFileType = text.xcconfig; name = "Pods-ToDoListFireBase.release.xcconfig"; path = "Target Support Files/Pods-ToDoListFireBase/Pods-ToDoListFireBase.release.xcconfig"; sourceTree = "<group>"; };
		74ACAE2126B450BB00BB0478 /* ToDoListFireBase.app */ = {isa = PBXFileReference; explicitFileType = wrapper.application; includeInIndex = 0; path = ToDoListFireBase.app; sourceTree = BUILT_PRODUCTS_DIR; };
		74ACAE2426B450BB00BB0478 /* AppDelegate.swift */ = {isa = PBXFileReference; lastKnownFileType = sourcecode.swift; path = AppDelegate.swift; sourceTree = "<group>"; };
		74ACAE2626B450BB00BB0478 /* SceneDelegate.swift */ = {isa = PBXFileReference; lastKnownFileType = sourcecode.swift; path = SceneDelegate.swift; sourceTree = "<group>"; };
		74ACAE2826B450BB00BB0478 /* LoginViewController.swift */ = {isa = PBXFileReference; lastKnownFileType = sourcecode.swift; path = LoginViewController.swift; sourceTree = "<group>"; };
		74ACAE2B26B450BB00BB0478 /* Base */ = {isa = PBXFileReference; lastKnownFileType = file.storyboard; name = Base; path = Base.lproj/Main.storyboard; sourceTree = "<group>"; };
		74ACAE2D26B450BF00BB0478 /* Assets.xcassets */ = {isa = PBXFileReference; lastKnownFileType = folder.assetcatalog; path = Assets.xcassets; sourceTree = "<group>"; };
		74ACAE3026B450BF00BB0478 /* Base */ = {isa = PBXFileReference; lastKnownFileType = file.storyboard; name = Base; path = Base.lproj/LaunchScreen.storyboard; sourceTree = "<group>"; };
		74ACAE3226B450BF00BB0478 /* Info.plist */ = {isa = PBXFileReference; lastKnownFileType = text.plist.xml; path = Info.plist; sourceTree = "<group>"; };
		74ACAE3826B459B300BB0478 /* TasksViewController.swift */ = {isa = PBXFileReference; lastKnownFileType = sourcecode.swift; path = TasksViewController.swift; sourceTree = "<group>"; };
		74ACAE3C26B463B900BB0478 /* GoogleService-Info.plist */ = {isa = PBXFileReference; fileEncoding = 4; lastKnownFileType = text.plist.xml; name = "GoogleService-Info.plist"; path = "../../../GoogleService-Info.plist"; sourceTree = "<group>"; };
		74CEF94D26B6D92B00AB46D0 /* Task.swift */ = {isa = PBXFileReference; lastKnownFileType = sourcecode.swift; path = Task.swift; sourceTree = "<group>"; };
		74CEF94F26B6D93B00AB46D0 /* Person.swift */ = {isa = PBXFileReference; lastKnownFileType = sourcecode.swift; path = Person.swift; sourceTree = "<group>"; };
		89E50925D92E8046B4DB8D04 /* Pods-ToDoListFireBase.debug.xcconfig */ = {isa = PBXFileReference; includeInIndex = 1; lastKnownFileType = text.xcconfig; name = "Pods-ToDoListFireBase.debug.xcconfig"; path = "Target Support Files/Pods-ToDoListFireBase/Pods-ToDoListFireBase.debug.xcconfig"; sourceTree = "<group>"; };
		A5DCC63B9F5BF4B76132B1DA /* Pods_ToDoListFireBase.framework */ = {isa = PBXFileReference; explicitFileType = wrapper.framework; includeInIndex = 0; path = Pods_ToDoListFireBase.framework; sourceTree = BUILT_PRODUCTS_DIR; };
/* End PBXFileReference section */

/* Begin PBXFrameworksBuildPhase section */
		74ACAE1E26B450BB00BB0478 /* Frameworks */ = {
			isa = PBXFrameworksBuildPhase;
			buildActionMask = 2147483647;
			files = (
				DF15553A4321122646539666 /* Pods_ToDoListFireBase.framework in Frameworks */,
			);
			runOnlyForDeploymentPostprocessing = 0;
		};
/* End PBXFrameworksBuildPhase section */

/* Begin PBXGroup section */
		5414083888370BDC62A8E6E5 /* Pods */ = {
			isa = PBXGroup;
			children = (
				89E50925D92E8046B4DB8D04 /* Pods-ToDoListFireBase.debug.xcconfig */,
				15671A22226494B6EE265D03 /* Pods-ToDoListFireBase.release.xcconfig */,
			);
			path = Pods;
			sourceTree = "<group>";
		};
		74ACAE1826B450BB00BB0478 = {
			isa = PBXGroup;
			children = (
				74ACAE2326B450BB00BB0478 /* ToDoListFireBase */,
				74ACAE2226B450BB00BB0478 /* Products */,
				5414083888370BDC62A8E6E5 /* Pods */,
				98BB65677DB6005C55E9FEFE /* Frameworks */,
			);
			sourceTree = "<group>";
		};
		74ACAE2226B450BB00BB0478 /* Products */ = {
			isa = PBXGroup;
			children = (
				74ACAE2126B450BB00BB0478 /* ToDoListFireBase.app */,
			);
			name = Products;
			sourceTree = "<group>";
		};
		74ACAE2326B450BB00BB0478 /* ToDoListFireBase */ = {
			isa = PBXGroup;
			children = (
				74CEF95326B6D96000AB46D0 /* Models */,
				74CEF95426B6D9B400AB46D0 /* Views */,
				74ACAE3B26B45A0600BB0478 /* Controllers */,
				74ACAE3A26B459DF00BB0478 /* Supporting files */,
				74ACAE3226B450BF00BB0478 /* Info.plist */,
			);
			path = ToDoListFireBase;
			sourceTree = "<group>";
		};
		74ACAE3A26B459DF00BB0478 /* Supporting files */ = {
			isa = PBXGroup;
			children = (
				74ACAE2426B450BB00BB0478 /* AppDelegate.swift */,
				74ACAE2626B450BB00BB0478 /* SceneDelegate.swift */,
				74ACAE3C26B463B900BB0478 /* GoogleService-Info.plist */,
				74ACAE2D26B450BF00BB0478 /* Assets.xcassets */,
			);
			path = "Supporting files";
			sourceTree = "<group>";
		};
		74ACAE3B26B45A0600BB0478 /* Controllers */ = {
			isa = PBXGroup;
			children = (
				74ACAE2826B450BB00BB0478 /* LoginViewController.swift */,
				74ACAE3826B459B300BB0478 /* TasksViewController.swift */,
			);
			path = Controllers;
			sourceTree = "<group>";
		};
		74CEF95326B6D96000AB46D0 /* Models */ = {
			isa = PBXGroup;
			children = (
				74CEF94D26B6D92B00AB46D0 /* Task.swift */,
				74CEF94F26B6D93B00AB46D0 /* Person.swift */,
			);
			path = Models;
			sourceTree = "<group>";
		};
		74CEF95426B6D9B400AB46D0 /* Views */ = {
			isa = PBXGroup;
			children = (
				74ACAE2A26B450BB00BB0478 /* Main.storyboard */,
				74ACAE2F26B450BF00BB0478 /* LaunchScreen.storyboard */,
			);
			path = Views;
			sourceTree = "<group>";
		};
		98BB65677DB6005C55E9FEFE /* Frameworks */ = {
			isa = PBXGroup;
			children = (
				A5DCC63B9F5BF4B76132B1DA /* Pods_ToDoListFireBase.framework */,
			);
			name = Frameworks;
			sourceTree = "<group>";
		};
/* End PBXGroup section */

/* Begin PBXNativeTarget section */
		74ACAE2026B450BB00BB0478 /* ToDoListFireBase */ = {
			isa = PBXNativeTarget;
			buildConfigurationList = 74ACAE3526B450BF00BB0478 /* Build configuration list for PBXNativeTarget "ToDoListFireBase" */;
			buildPhases = (
				F6FA011BADCA5DEE47035529 /* [CP] Check Pods Manifest.lock */,
				74ACAE1D26B450BB00BB0478 /* Sources */,
				74ACAE1E26B450BB00BB0478 /* Frameworks */,
				74ACAE1F26B450BB00BB0478 /* Resources */,
				DFB1F04B1F67C7FE1E5DECBE /* [CP] Embed Pods Frameworks */,
			);
			buildRules = (
			);
			dependencies = (
			);
			name = ToDoListFireBase;
			productName = ToDoListFireBase;
			productReference = 74ACAE2126B450BB00BB0478 /* ToDoListFireBase.app */;
			productType = "com.apple.product-type.application";
		};
/* End PBXNativeTarget section */

/* Begin PBXProject section */
		74ACAE1926B450BB00BB0478 /* Project object */ = {
			isa = PBXProject;
			attributes = {
				LastSwiftUpdateCheck = 1250;
				LastUpgradeCheck = 1250;
				TargetAttributes = {
					74ACAE2026B450BB00BB0478 = {
						CreatedOnToolsVersion = 12.5;
					};
				};
			};
			buildConfigurationList = 74ACAE1C26B450BB00BB0478 /* Build configuration list for PBXProject "ToDoListFireBase" */;
			compatibilityVersion = "Xcode 9.3";
			developmentRegion = en;
			hasScannedForEncodings = 0;
			knownRegions = (
				en,
				Base,
			);
			mainGroup = 74ACAE1826B450BB00BB0478;
			productRefGroup = 74ACAE2226B450BB00BB0478 /* Products */;
			projectDirPath = "";
			projectRoot = "";
			targets = (
				74ACAE2026B450BB00BB0478 /* ToDoListFireBase */,
			);
		};
/* End PBXProject section */

/* Begin PBXResourcesBuildPhase section */
		74ACAE1F26B450BB00BB0478 /* Resources */ = {
			isa = PBXResourcesBuildPhase;
			buildActionMask = 2147483647;
			files = (
				74ACAE3126B450BF00BB0478 /* LaunchScreen.storyboard in Resources */,
				74ACAE3D26B463BA00BB0478 /* GoogleService-Info.plist in Resources */,
				74ACAE2E26B450BF00BB0478 /* Assets.xcassets in Resources */,
				74ACAE2C26B450BB00BB0478 /* Main.storyboard in Resources */,
			);
			runOnlyForDeploymentPostprocessing = 0;
		};
/* End PBXResourcesBuildPhase section */

/* Begin PBXShellScriptBuildPhase section */
		DFB1F04B1F67C7FE1E5DECBE /* [CP] Embed Pods Frameworks */ = {
			isa = PBXShellScriptBuildPhase;
			buildActionMask = 2147483647;
			files = (
			);
			inputFileListPaths = (
				"${PODS_ROOT}/Target Support Files/Pods-ToDoListFireBase/Pods-ToDoListFireBase-frameworks-${CONFIGURATION}-input-files.xcfilelist",
			);
			name = "[CP] Embed Pods Frameworks";
			outputFileListPaths = (
				"${PODS_ROOT}/Target Support Files/Pods-ToDoListFireBase/Pods-ToDoListFireBase-frameworks-${CONFIGURATION}-output-files.xcfilelist",
			);
			runOnlyForDeploymentPostprocessing = 0;
			shellPath = /bin/sh;
			shellScript = "\"${PODS_ROOT}/Target Support Files/Pods-ToDoListFireBase/Pods-ToDoListFireBase-frameworks.sh\"\n";
			showEnvVarsInLog = 0;
		};
		F6FA011BADCA5DEE47035529 /* [CP] Check Pods Manifest.lock */ = {
			isa = PBXShellScriptBuildPhase;
			buildActionMask = 2147483647;
			files = (
			);
			inputFileListPaths = (
			);
			inputPaths = (
				"${PODS_PODFILE_DIR_PATH}/Podfile.lock",
				"${PODS_ROOT}/Manifest.lock",
			);
			name = "[CP] Check Pods Manifest.lock";
			outputFileListPaths = (
			);
			outputPaths = (
				"$(DERIVED_FILE_DIR)/Pods-ToDoListFireBase-checkManifestLockResult.txt",
			);
			runOnlyForDeploymentPostprocessing = 0;
			shellPath = /bin/sh;
			shellScript = "diff \"${PODS_PODFILE_DIR_PATH}/Podfile.lock\" \"${PODS_ROOT}/Manifest.lock\" > /dev/null\nif [ $? != 0 ] ; then\n    # print error to STDERR\n    echo \"error: The sandbox is not in sync with the Podfile.lock. Run 'pod install' or update your CocoaPods installation.\" >&2\n    exit 1\nfi\n# This output is used by Xcode 'outputs' to avoid re-running this script phase.\necho \"SUCCESS\" > \"${SCRIPT_OUTPUT_FILE_0}\"\n";
			showEnvVarsInLog = 0;
		};
/* End PBXShellScriptBuildPhase section */

/* Begin PBXSourcesBuildPhase section */
		74ACAE1D26B450BB00BB0478 /* Sources */ = {
			isa = PBXSourcesBuildPhase;
			buildActionMask = 2147483647;
			files = (
				74ACAE2926B450BB00BB0478 /* LoginViewController.swift in Sources */,
				74ACAE3926B459B300BB0478 /* TasksViewController.swift in Sources */,
				74CEF95026B6D93B00AB46D0 /* Person.swift in Sources */,
				74ACAE2526B450BB00BB0478 /* AppDelegate.swift in Sources */,
				74CEF94E26B6D92B00AB46D0 /* Task.swift in Sources */,
				74ACAE2726B450BB00BB0478 /* SceneDelegate.swift in Sources */,
			);
			runOnlyForDeploymentPostprocessing = 0;
		};
/* End PBXSourcesBuildPhase section */

/* Begin PBXVariantGroup section */
		74ACAE2A26B450BB00BB0478 /* Main.storyboard */ = {
			isa = PBXVariantGroup;
			children = (
				74ACAE2B26B450BB00BB0478 /* Base */,
			);
			name = Main.storyboard;
			sourceTree = "<group>";
		};
		74ACAE2F26B450BF00BB0478 /* LaunchScreen.storyboard */ = {
			isa = PBXVariantGroup;
			children = (
				74ACAE3026B450BF00BB0478 /* Base */,
			);
			name = LaunchScreen.storyboard;
			sourceTree = "<group>";
		};
/* End PBXVariantGroup section */

/* Begin XCBuildConfiguration section */
		74ACAE3326B450BF00BB0478 /* Debug */ = {
			isa = XCBuildConfiguration;
			buildSettings = {
				ALWAYS_SEARCH_USER_PATHS = NO;
				CLANG_ANALYZER_NONNULL = YES;
				CLANG_ANALYZER_NUMBER_OBJECT_CONVERSION = YES_AGGRESSIVE;
				CLANG_CXX_LANGUAGE_STANDARD = "gnu++14";
				CLANG_CXX_LIBRARY = "libc++";
				CLANG_ENABLE_MODULES = YES;
				CLANG_ENABLE_OBJC_ARC = YES;
				CLANG_ENABLE_OBJC_WEAK = YES;
				CLANG_WARN_BLOCK_CAPTURE_AUTORELEASING = YES;
				CLANG_WARN_BOOL_CONVERSION = YES;
				CLANG_WARN_COMMA = YES;
				CLANG_WARN_CONSTANT_CONVERSION = YES;
				CLANG_WARN_DEPRECATED_OBJC_IMPLEMENTATIONS = YES;
				CLANG_WARN_DIRECT_OBJC_ISA_USAGE = YES_ERROR;
				CLANG_WARN_DOCUMENTATION_COMMENTS = YES;
				CLANG_WARN_EMPTY_BODY = YES;
				CLANG_WARN_ENUM_CONVERSION = YES;
				CLANG_WARN_INFINITE_RECURSION = YES;
				CLANG_WARN_INT_CONVERSION = YES;
				CLANG_WARN_NON_LITERAL_NULL_CONVERSION = YES;
				CLANG_WARN_OBJC_IMPLICIT_RETAIN_SELF = YES;
				CLANG_WARN_OBJC_LITERAL_CONVERSION = YES;
				CLANG_WARN_OBJC_ROOT_CLASS = YES_ERROR;
				CLANG_WARN_QUOTED_INCLUDE_IN_FRAMEWORK_HEADER = YES;
				CLANG_WARN_RANGE_LOOP_ANALYSIS = YES;
				CLANG_WARN_STRICT_PROTOTYPES = YES;
				CLANG_WARN_SUSPICIOUS_MOVE = YES;
				CLANG_WARN_UNGUARDED_AVAILABILITY = YES_AGGRESSIVE;
				CLANG_WARN_UNREACHABLE_CODE = YES;
				CLANG_WARN__DUPLICATE_METHOD_MATCH = YES;
				COPY_PHASE_STRIP = NO;
				DEBUG_INFORMATION_FORMAT = dwarf;
				ENABLE_STRICT_OBJC_MSGSEND = YES;
				ENABLE_TESTABILITY = YES;
				GCC_C_LANGUAGE_STANDARD = gnu11;
				GCC_DYNAMIC_NO_PIC = NO;
				GCC_NO_COMMON_BLOCKS = YES;
				GCC_OPTIMIZATION_LEVEL = 0;
				GCC_PREPROCESSOR_DEFINITIONS = (
					"DEBUG=1",
					"$(inherited)",
				);
				GCC_WARN_64_TO_32_BIT_CONVERSION = YES;
				GCC_WARN_ABOUT_RETURN_TYPE = YES_ERROR;
				GCC_WARN_UNDECLARED_SELECTOR = YES;
				GCC_WARN_UNINITIALIZED_AUTOS = YES_AGGRESSIVE;
				GCC_WARN_UNUSED_FUNCTION = YES;
				GCC_WARN_UNUSED_VARIABLE = YES;
				IPHONEOS_DEPLOYMENT_TARGET = 14.5;
				MTL_ENABLE_DEBUG_INFO = INCLUDE_SOURCE;
				MTL_FAST_MATH = YES;
				ONLY_ACTIVE_ARCH = YES;
				SDKROOT = iphoneos;
				SWIFT_ACTIVE_COMPILATION_CONDITIONS = DEBUG;
				SWIFT_OPTIMIZATION_LEVEL = "-Onone";
			};
			name = Debug;
		};
		74ACAE3426B450BF00BB0478 /* Release */ = {
			isa = XCBuildConfiguration;
			buildSettings = {
				ALWAYS_SEARCH_USER_PATHS = NO;
				CLANG_ANALYZER_NONNULL = YES;
				CLANG_ANALYZER_NUMBER_OBJECT_CONVERSION = YES_AGGRESSIVE;
				CLANG_CXX_LANGUAGE_STANDARD = "gnu++14";
				CLANG_CXX_LIBRARY = "libc++";
				CLANG_ENABLE_MODULES = YES;
				CLANG_ENABLE_OBJC_ARC = YES;
				CLANG_ENABLE_OBJC_WEAK = YES;
				CLANG_WARN_BLOCK_CAPTURE_AUTORELEASING = YES;
				CLANG_WARN_BOOL_CONVERSION = YES;
				CLANG_WARN_COMMA = YES;
				CLANG_WARN_CONSTANT_CONVERSION = YES;
				CLANG_WARN_DEPRECATED_OBJC_IMPLEMENTATIONS = YES;
				CLANG_WARN_DIRECT_OBJC_ISA_USAGE = YES_ERROR;
				CLANG_WARN_DOCUMENTATION_COMMENTS = YES;
				CLANG_WARN_EMPTY_BODY = YES;
				CLANG_WARN_ENUM_CONVERSION = YES;
				CLANG_WARN_INFINITE_RECURSION = YES;
				CLANG_WARN_INT_CONVERSION = YES;
				CLANG_WARN_NON_LITERAL_NULL_CONVERSION = YES;
				CLANG_WARN_OBJC_IMPLICIT_RETAIN_SELF = YES;
				CLANG_WARN_OBJC_LITERAL_CONVERSION = YES;
				CLANG_WARN_OBJC_ROOT_CLASS = YES_ERROR;
				CLANG_WARN_QUOTED_INCLUDE_IN_FRAMEWORK_HEADER = YES;
				CLANG_WARN_RANGE_LOOP_ANALYSIS = YES;
				CLANG_WARN_STRICT_PROTOTYPES = YES;
				CLANG_WARN_SUSPICIOUS_MOVE = YES;
				CLANG_WARN_UNGUARDED_AVAILABILITY = YES_AGGRESSIVE;
				CLANG_WARN_UNREACHABLE_CODE = YES;
				CLANG_WARN__DUPLICATE_METHOD_MATCH = YES;
				COPY_PHASE_STRIP = NO;
				DEBUG_INFORMATION_FORMAT = "dwarf-with-dsym";
				ENABLE_NS_ASSERTIONS = NO;
				ENABLE_STRICT_OBJC_MSGSEND = YES;
				GCC_C_LANGUAGE_STANDARD = gnu11;
				GCC_NO_COMMON_BLOCKS = YES;
				GCC_WARN_64_TO_32_BIT_CONVERSION = YES;
				GCC_WARN_ABOUT_RETURN_TYPE = YES_ERROR;
				GCC_WARN_UNDECLARED_SELECTOR = YES;
				GCC_WARN_UNINITIALIZED_AUTOS = YES_AGGRESSIVE;
				GCC_WARN_UNUSED_FUNCTION = YES;
				GCC_WARN_UNUSED_VARIABLE = YES;
				IPHONEOS_DEPLOYMENT_TARGET = 14.5;
				MTL_ENABLE_DEBUG_INFO = NO;
				MTL_FAST_MATH = YES;
				SDKROOT = iphoneos;
				SWIFT_COMPILATION_MODE = wholemodule;
				SWIFT_OPTIMIZATION_LEVEL = "-O";
				VALIDATE_PRODUCT = YES;
			};
			name = Release;
		};
		74ACAE3626B450BF00BB0478 /* Debug */ = {
			isa = XCBuildConfiguration;
			baseConfigurationReference = 89E50925D92E8046B4DB8D04 /* Pods-ToDoListFireBase.debug.xcconfig */;
			buildSettings = {
				ASSETCATALOG_COMPILER_APPICON_NAME = AppIcon;
				ASSETCATALOG_COMPILER_GLOBAL_ACCENT_COLOR_NAME = AccentColor;
				CODE_SIGN_STYLE = Automatic;
				DEVELOPMENT_TEAM = 2NJA6A6R83;
				INFOPLIST_FILE = ToDoListFireBase/Info.plist;
				LD_RUNPATH_SEARCH_PATHS = (
					"$(inherited)",
					"@executable_path/Frameworks",
				);
				PRODUCT_BUNDLE_IDENTIFIER = SashaGuzhavin.ToDoListFireBase;
				PRODUCT_NAME = "$(TARGET_NAME)";
				SWIFT_VERSION = 5.0;
				TARGETED_DEVICE_FAMILY = "1,2";
			};
			name = Debug;
		};
		74ACAE3726B450BF00BB0478 /* Release */ = {
			isa = XCBuildConfiguration;
			baseConfigurationReference = 15671A22226494B6EE265D03 /* Pods-ToDoListFireBase.release.xcconfig */;
			buildSettings = {
				ASSETCATALOG_COMPILER_APPICON_NAME = AppIcon;
				ASSETCATALOG_COMPILER_GLOBAL_ACCENT_COLOR_NAME = AccentColor;
				CODE_SIGN_STYLE = Automatic;
				DEVELOPMENT_TEAM = 2NJA6A6R83;
				INFOPLIST_FILE = ToDoListFireBase/Info.plist;
				LD_RUNPATH_SEARCH_PATHS = (
					"$(inherited)",
					"@executable_path/Frameworks",
				);
				PRODUCT_BUNDLE_IDENTIFIER = SashaGuzhavin.ToDoListFireBase;
				PRODUCT_NAME = "$(TARGET_NAME)";
				SWIFT_VERSION = 5.0;
				TARGETED_DEVICE_FAMILY = "1,2";
			};
			name = Release;
		};
/* End XCBuildConfiguration section */

/* Begin XCConfigurationList section */
		74ACAE1C26B450BB00BB0478 /* Build configuration list for PBXProject "ToDoListFireBase" */ = {
			isa = XCConfigurationList;
			buildConfigurations = (
				74ACAE3326B450BF00BB0478 /* Debug */,
				74ACAE3426B450BF00BB0478 /* Release */,
			);
			defaultConfigurationIsVisible = 0;
			defaultConfigurationName = Release;
		};
		74ACAE3526B450BF00BB0478 /* Build configuration list for PBXNativeTarget "ToDoListFireBase" */ = {
			isa = XCConfigurationList;
			buildConfigurations = (
				74ACAE3626B450BF00BB0478 /* Debug */,
				74ACAE3726B450BF00BB0478 /* Release */,
			);
			defaultConfigurationIsVisible = 0;
			defaultConfigurationName = Release;
		};
/* End XCConfigurationList section */
	};
	rootObject = 74ACAE1926B450BB00BB0478 /* Project object */;
}
